
Microsoft Visual Studio Solution File, Format Version 12.00
# Visual Studio Version 17
VisualStudioVersion = 17.5.002.0
MinimumVisualStudioVersion = 10.0.40219.1
Project("{9A19103F-16F7-4668-BE54-9A1E7A4F7556}") = "trasnlate-js-to-csharp", "trasnlate-js-to-csharp.csproj", "{31A375DB-B97A-46F7-81DD-A0C3A305EA33}"
EndProject
Global
	GlobalSection(SolutionConfigurationPlatforms) = preSolution
		Debug|Any CPU = Debug|Any CPU
		Release|Any CPU = Release|Any CPU
	EndGlobalSection
	GlobalSection(ProjectConfigurationPlatforms) = postSolution
		{31A375DB-B97A-46F7-81DD-A0C3A305EA33}.Debug|Any CPU.ActiveCfg = Debug|Any CPU
		{31A375DB-B97A-46F7-81DD-A0C3A305EA33}.Debug|Any CPU.Build.0 = Debug|Any CPU
		{31A375DB-B97A-46F7-81DD-A0C3A305EA33}.Release|Any CPU.ActiveCfg = Release|Any CPU
		{31A375DB-B97A-46F7-81DD-A0C3A305EA33}.Release|Any CPU.Build.0 = Release|Any CPU
	EndGlobalSection
	GlobalSection(SolutionProperties) = preSolution
		HideSolutionNode = FALSE
	EndGlobalSection
	GlobalSection(ExtensibilityGlobals) = postSolution
		SolutionGuid = {1858E33A-A93A-4B23-B677-7ED88D16C0AE}
	EndGlobalSection
EndGlobal
